// !$*UTF8*$!
{
	archiveVersion = 1;
	classes = {
	};
	objectVersion = 46;
	objects = {

/* Begin PBXBuildFile section */
		582E27771A3992D1008137F1 /* main.m in Sources */ = {isa = PBXBuildFile; fileRef = 582E27761A3992D1008137F1 /* main.m */; };
		582E277A1A3992D1008137F1 /* AppDelegate.m in Sources */ = {isa = PBXBuildFile; fileRef = 582E27791A3992D1008137F1 /* AppDelegate.m */; };
		582E277D1A3992D1008137F1 /* ViewController.m in Sources */ = {isa = PBXBuildFile; fileRef = 582E277C1A3992D1008137F1 /* ViewController.m */; };
		582E27801A3992D1008137F1 /* Main.storyboard in Resources */ = {isa = PBXBuildFile; fileRef = 582E277E1A3992D1008137F1 /* Main.storyboard */; };
		582E27821A3992D1008137F1 /* Images.xcassets in Resources */ = {isa = PBXBuildFile; fileRef = 582E27811A3992D1008137F1 /* Images.xcassets */; };
		582E27851A3992D1008137F1 /* LaunchScreen.xib in Resources */ = {isa = PBXBuildFile; fileRef = 582E27831A3992D1008137F1 /* LaunchScreen.xib */; };
		582E279D1A39932E008137F1 /* CustomShapeButton.m in Sources */ = {isa = PBXBuildFile; fileRef = 582E279C1A39932E008137F1 /* CustomShapeButton.m */; };
		58B150CD1A3B5E9900DA4F21 /* btn1.png in Resources */ = {isa = PBXBuildFile; fileRef = 58B150C91A3B5E9900DA4F21 /* btn1.png */; };
		58B150CE1A3B5E9900DA4F21 /* btn4.png in Resources */ = {isa = PBXBuildFile; fileRef = 58B150CA1A3B5E9900DA4F21 /* btn4.png */; };
		58B150CF1A3B5E9900DA4F21 /* btn3.png in Resources */ = {isa = PBXBuildFile; fileRef = 58B150CB1A3B5E9900DA4F21 /* btn3.png */; };
		58B150D01A3B5E9900DA4F21 /* btn2.png in Resources */ = {isa = PBXBuildFile; fileRef = 58B150CC1A3B5E9900DA4F21 /* btn2.png */; };
/* End PBXBuildFile section */

/* Begin PBXFileReference section */
		582E27711A3992D1008137F1 /* CustomShapeButton.app */ = {isa = PBXFileReference; explicitFileType = wrapper.application; includeInIndex = 0; path = CustomShapeButton.app; sourceTree = BUILT_PRODUCTS_DIR; };
		582E27751A3992D1008137F1 /* Info.plist */ = {isa = PBXFileReference; lastKnownFileType = text.plist.xml; path = Info.plist; sourceTree = "<group>"; };
		582E27761A3992D1008137F1 /* main.m */ = {isa = PBXFileReference; lastKnownFileType = sourcecode.c.objc; path = main.m; sourceTree = "<group>"; };
		582E27781A3992D1008137F1 /* AppDelegate.h */ = {isa = PBXFileReference; lastKnownFileType = sourcecode.c.h; path = AppDelegate.h; sourceTree = "<group>"; };
		582E27791A3992D1008137F1 /* AppDelegate.m */ = {isa = PBXFileReference; lastKnownFileType = sourcecode.c.objc; path = AppDelegate.m; sourceTree = "<group>"; };
		582E277B1A3992D1008137F1 /* ViewController.h */ = {isa = PBXFileReference; lastKnownFileType = sourcecode.c.h; path = ViewController.h; sourceTree = "<group>"; };
		582E277C1A3992D1008137F1 /* ViewController.m */ = {isa = PBXFileReference; lastKnownFileType = sourcecode.c.objc; path = ViewController.m; sourceTree = "<group>"; };
		582E277F1A3992D1008137F1 /* Base */ = {isa = PBXFileReference; lastKnownFileType = file.storyboard; name = Base; path = Base.lproj/Main.storyboard; sourceTree = "<group>"; };
		582E27811A3992D1008137F1 /* Images.xcassets */ = {isa = PBXFileReference; lastKnownFileType = folder.assetcatalog; path = Images.xcassets; sourceTree = "<group>"; };
		582E27841A3992D1008137F1 /* Base */ = {isa = PBXFileReference; lastKnownFileType = file.xib; name = Base; path = Base.lproj/LaunchScreen.xib; sourceTree = "<group>"; };
		582E279B1A39932E008137F1 /* CustomShapeButton.h */ = {isa = PBXFileReference; fileEncoding = 4; lastKnownFileType = sourcecode.c.h; path = CustomShapeButton.h; sourceTree = "<group>"; };
		582E279C1A39932E008137F1 /* CustomShapeButton.m */ = {isa = PBXFileReference; fileEncoding = 4; lastKnownFileType = sourcecode.c.objc; path = CustomShapeButton.m; sourceTree = "<group>"; };
		58B150C91A3B5E9900DA4F21 /* btn1.png */ = {isa = PBXFileReference; lastKnownFileType = image.png; path = btn1.png; sourceTree = "<group>"; };
		58B150CA1A3B5E9900DA4F21 /* btn4.png */ = {isa = PBXFileReference; lastKnownFileType = image.png; path = btn4.png; sourceTree = "<group>"; };
		58B150CB1A3B5E9900DA4F21 /* btn3.png */ = {isa = PBXFileReference; lastKnownFileType = image.png; path = btn3.png; sourceTree = "<group>"; };
		58B150CC1A3B5E9900DA4F21 /* btn2.png */ = {isa = PBXFileReference; lastKnownFileType = image.png; path = btn2.png; sourceTree = "<group>"; };
/* End PBXFileReference section */

/* Begin PBXFrameworksBuildPhase section */
		582E276E1A3992D1008137F1 /* Frameworks */ = {
			isa = PBXFrameworksBuildPhase;
			buildActionMask = 2147483647;
			files = (
			);
			runOnlyForDeploymentPostprocessing = 0;
		};
/* End PBXFrameworksBuildPhase section */

/* Begin PBXGroup section */
		582E27681A3992D1008137F1 = {
			isa = PBXGroup;
			children = (
				582E27731A3992D1008137F1 /* CustomShapeButton */,
				582E27721A3992D1008137F1 /* Products */,
			);
			sourceTree = "<group>";
		};
		582E27721A3992D1008137F1 /* Products */ = {
			isa = PBXGroup;
			children = (
				582E27711A3992D1008137F1 /* CustomShapeButton.app */,
			);
			name = Products;
			sourceTree = "<group>";
		};
		582E27731A3992D1008137F1 /* CustomShapeButton */ = {
			isa = PBXGroup;
			children = (
				582E27781A3992D1008137F1 /* AppDelegate.h */,
				582E27791A3992D1008137F1 /* AppDelegate.m */,
				582E277B1A3992D1008137F1 /* ViewController.h */,
				582E277C1A3992D1008137F1 /* ViewController.m */,
				582E277E1A3992D1008137F1 /* Main.storyboard */,
				582E27811A3992D1008137F1 /* Images.xcassets */,
				582E27831A3992D1008137F1 /* LaunchScreen.xib */,
				582E27741A3992D1008137F1 /* Supporting Files */,
				582E279B1A39932E008137F1 /* CustomShapeButton.h */,
				582E279C1A39932E008137F1 /* CustomShapeButton.m */,
			);
			path = CustomShapeButton;
			sourceTree = "<group>";
		};
		582E27741A3992D1008137F1 /* Supporting Files */ = {
			isa = PBXGroup;
			children = (
				58B150C91A3B5E9900DA4F21 /* btn1.png */,
				58B150CA1A3B5E9900DA4F21 /* btn4.png */,
				58B150CB1A3B5E9900DA4F21 /* btn3.png */,
				58B150CC1A3B5E9900DA4F21 /* btn2.png */,
				582E27751A3992D1008137F1 /* Info.plist */,
				582E27761A3992D1008137F1 /* main.m */,
			);
			name = "Supporting Files";
			sourceTree = "<group>";
		};
/* End PBXGroup section */

/* Begin PBXNativeTarget section */
		582E27701A3992D1008137F1 /* CustomShapeButton */ = {
			isa = PBXNativeTarget;
			buildConfigurationList = 582E27941A3992D1008137F1 /* Build configuration list for PBXNativeTarget "CustomShapeButton" */;
			buildPhases = (
				582E276D1A3992D1008137F1 /* Sources */,
				582E276E1A3992D1008137F1 /* Frameworks */,
				582E276F1A3992D1008137F1 /* Resources */,
			);
			buildRules = (
			);
			dependencies = (
			);
			name = CustomShapeButton;
			productName = CustomShapeButton;
			productReference = 582E27711A3992D1008137F1 /* CustomShapeButton.app */;
			productType = "com.apple.product-type.application";
		};
/* End PBXNativeTarget section */

/* Begin PBXProject section */
		582E27691A3992D1008137F1 /* Project object */ = {
			isa = PBXProject;
			attributes = {
				LastUpgradeCheck = 0610;
				ORGANIZATIONNAME = "Sergey Yuzepovich";
				TargetAttributes = {
					582E27701A3992D1008137F1 = {
						CreatedOnToolsVersion = 6.1;
						DevelopmentTeam = JQ4EU4FE8Y;
					};
				};
			};
			buildConfigurationList = 582E276C1A3992D1008137F1 /* Build configuration list for PBXProject "CustomShapeButton" */;
			compatibilityVersion = "Xcode 3.2";
			developmentRegion = English;
			hasScannedForEncodings = 0;
			knownRegions = (
				en,
				Base,
			);
			mainGroup = 582E27681A3992D1008137F1;
			productRefGroup = 582E27721A3992D1008137F1 /* Products */;
			projectDirPath = "";
			projectRoot = "";
			targets = (
				582E27701A3992D1008137F1 /* CustomShapeButton */,
			);
		};
/* End PBXProject section */

/* Begin PBXResourcesBuildPhase section */
		582E276F1A3992D1008137F1 /* Resources */ = {
			isa = PBXResourcesBuildPhase;
			buildActionMask = 2147483647;
			files = (
				58B150CD1A3B5E9900DA4F21 /* btn1.png in Resources */,
				58B150CE1A3B5E9900DA4F21 /* btn4.png in Resources */,
				58B150CF1A3B5E9900DA4F21 /* btn3.png in Resources */,
				582E27801A3992D1008137F1 /* Main.storyboard in Resources */,
				582E27851A3992D1008137F1 /* LaunchScreen.xib in Resources */,
				582E27821A3992D1008137F1 /* Images.xcassets in Resources */,
				58B150D01A3B5E9900DA4F21 /* btn2.png in Resources */,
			);
			runOnlyForDeploymentPostprocessing = 0;
		};
/* End PBXResourcesBuildPhase section */

/* Begin PBXSourcesBuildPhase section */
		582E276D1A3992D1008137F1 /* Sources */ = {
			isa = PBXSourcesBuildPhase;
			buildActionMask = 2147483647;
			files = (
				582E277D1A3992D1008137F1 /* ViewController.m in Sources */,
				582E277A1A3992D1008137F1 /* AppDelegate.m in Sources */,
				582E279D1A39932E008137F1 /* CustomShapeButton.m in Sources */,
				582E27771A3992D1008137F1 /* main.m in Sources */,
			);
			runOnlyForDeploymentPostprocessing = 0;
		};
/* End PBXSourcesBuildPhase section */

/* Begin PBXVariantGroup section */
		582E277E1A3992D1008137F1 /* Main.storyboard */ = {
			isa = PBXVariantGroup;
			children = (
				582E277F1A3992D1008137F1 /* Base */,
			);
			name = Main.storyboard;
			sourceTree = "<group>";
		};
		582E27831A3992D1008137F1 /* LaunchScreen.xib */ = {
			isa = PBXVariantGroup;
			children = (
				582E27841A3992D1008137F1 /* Base */,
			);
			name = LaunchScreen.xib;
			sourceTree = "<group>";
		};
/* End PBXVariantGroup section */

/* Begin XCBuildConfiguration section */
		582E27921A3992D1008137F1 /* Debug */ = {
			isa = XCBuildConfiguration;
			buildSettings = {
				ALWAYS_SEARCH_USER_PATHS = NO;
				CLANG_CXX_LANGUAGE_STANDARD = "gnu++0x";
				CLANG_CXX_LIBRARY = "libc++";
				CLANG_ENABLE_MODULES = YES;
				CLANG_ENABLE_OBJC_ARC = YES;
				CLANG_WARN_BOOL_CONVERSION = YES;
				CLANG_WARN_CONSTANT_CONVERSION = YES;
				CLANG_WARN_DIRECT_OBJC_ISA_USAGE = YES_ERROR;
				CLANG_WARN_EMPTY_BODY = YES;
				CLANG_WARN_ENUM_CONVERSION = YES;
				CLANG_WARN_INT_CONVERSION = YES;
				CLANG_WARN_OBJC_ROOT_CLASS = YES_ERROR;
				CLANG_WARN_UNREACHABLE_CODE = YES;
				CLANG_WARN__DUPLICATE_METHOD_MATCH = YES;
				"CODE_SIGN_IDENTITY[sdk=iphoneos*]" = "iPhone Developer";
				COPY_PHASE_STRIP = NO;
				ENABLE_STRICT_OBJC_MSGSEND = YES;
				GCC_C_LANGUAGE_STANDARD = gnu99;
				GCC_DYNAMIC_NO_PIC = NO;
				GCC_OPTIMIZATION_LEVEL = 0;
				GCC_PREPROCESSOR_DEFINITIONS = (
					"DEBUG=1",
					"$(inherited)",
				);
				GCC_SYMBOLS_PRIVATE_EXTERN = NO;
				GCC_WARN_64_TO_32_BIT_CONVERSION = YES;
				GCC_WARN_ABOUT_RETURN_TYPE = YES_ERROR;
				GCC_WARN_UNDECLARED_SELECTOR = YES;
				GCC_WARN_UNINITIALIZED_AUTOS = YES_AGGRESSIVE;
				GCC_WARN_UNUSED_FUNCTION = YES;
				GCC_WARN_UNUSED_VARIABLE = YES;
				IPHONEOS_DEPLOYMENT_TARGET = 8.1;
				MTL_ENABLE_DEBUG_INFO = YES;
				ONLY_ACTIVE_ARCH = YES;
				SDKROOT = iphoneos;
			};
			name = Debug;
		};
		582E27931A3992D1008137F1 /* Release */ = {
			isa = XCBuildConfiguration;
			buildSettings = {
				ALWAYS_SEARCH_USER_PATHS = NO;
				CLANG_CXX_LANGUAGE_STANDARD = "gnu++0x";
				CLANG_CXX_LIBRARY = "libc++";
				CLANG_ENABLE_MODULES = YES;
				CLANG_ENABLE_OBJC_ARC = YES;
				CLANG_WARN_BOOL_CONVERSION = YES;
				CLANG_WARN_CONSTANT_CONVERSION = YES;
				CLANG_WARN_DIRECT_OBJC_ISA_USAGE = YES_ERROR;
				CLANG_WARN_EMPTY_BODY = YES;
				CLANG_WARN_ENUM_CONVERSION = YES;
				CLANG_WARN_INT_CONVERSION = YES;
				CLANG_WARN_OBJC_ROOT_CLASS = YES_ERROR;
				CLANG_WARN_UNREACHABLE_CODE = YES;
				CLANG_WARN__DUPLICATE_METHOD_MATCH = YES;
				"CODE_SIGN_IDENTITY[sdk=iphoneos*]" = "iPhone Developer";
				COPY_PHASE_STRIP = YES;
				ENABLE_NS_ASSERTIONS = NO;
				ENABLE_STRICT_OBJC_MSGSEND = YES;
				GCC_C_LANGUAGE_STANDARD = gnu99;
				GCC_WARN_64_TO_32_BIT_CONVERSION = YES;
				GCC_WARN_ABOUT_RETURN_TYPE = YES_ERROR;
				GCC_WARN_UNDECLARED_SELECTOR = YES;
				GCC_WARN_UNINITIALIZED_AUTOS = YES_AGGRESSIVE;
				GCC_WARN_UNUSED_FUNCTION = YES;
				GCC_WARN_UNUSED_VARIABLE = YES;
				IPHONEOS_DEPLOYMENT_TARGET = 8.1;
				MTL_ENABLE_DEBUG_INFO = NO;
				SDKROOT = iphoneos;
				VALIDATE_PRODUCT = YES;
			};
			name = Release;
		};
		582E27951A3992D1008137F1 /* Debug */ = {
			isa = XCBuildConfiguration;
			buildSettings = {
				ASSETCATALOG_COMPILER_APPICON_NAME = AppIcon;
				CODE_SIGN_IDENTITY = "iPhone Developer";
				"CODE_SIGN_IDENTITY[sdk=iphoneos*]" = "iPhone Developer";
				INFOPLIST_FILE = CustomShapeButton/Info.plist;
				LD_RUNPATH_SEARCH_PATHS = "$(inherited) @executable_path/Frameworks";
				PRODUCT_NAME = "$(TARGET_NAME)";
				PROVISIONING_PROFILE = "";
			};
			name = Debug;
		};
		582E27961A3992D1008137F1 /* Release */ = {
			isa = XCBuildConfiguration;
			buildSettings = {
				ASSETCATALOG_COMPILER_APPICON_NAME = AppIcon;
				CODE_SIGN_IDENTITY = "iPhone Developer";
				"CODE_SIGN_IDENTITY[sdk=iphoneos*]" = "iPhone Developer";
				INFOPLIST_FILE = CustomShapeButton/Info.plist;
				LD_RUNPATH_SEARCH_PATHS = "$(inherited) @executable_path/Frameworks";
				PRODUCT_NAME = "$(TARGET_NAME)";
				PROVISIONING_PROFILE = "";
			};
			name = Release;
		};
/* End XCBuildConfiguration section */

/* Begin XCConfigurationList section */
		582E276C1A3992D1008137F1 /* Build configuration list for PBXProject "CustomShapeButton" */ = {
			isa = XCConfigurationList;
			buildConfigurations = (
				582E27921A3992D1008137F1 /* Debug */,
				582E27931A3992D1008137F1 /* Release */,
			);
			defaultConfigurationIsVisible = 0;
			defaultConfigurationName = Release;
		};
		582E27941A3992D1008137F1 /* Build configuration list for PBXNativeTarget "CustomShapeButton" */ = {
			isa = XCConfigurationList;
			buildConfigurations = (
				582E27951A3992D1008137F1 /* Debug */,
				582E27961A3992D1008137F1 /* Release */,
			);
			defaultConfigurationIsVisible = 0;
			defaultConfigurationName = Release;
		};
/* End XCConfigurationList section */
	};
	rootObject = 582E27691A3992D1008137F1 /* Project object */;
}
